
Microsoft Visual Studio Solution File, Format Version 12.00
# Visual Studio 2012
Project("{8BC9CEB8-8B4A-11D0-8D11-00A0C91BC942}") = "PokerDll", "PokerDll\PokerDll.vcxproj", "{D5E1F32B-B6B2-4927-9D7A-74E17F3D75C5}"
EndProject
Global
	GlobalSection(SolutionConfigurationPlatforms) = preSolution
		Debug|Win32 = Debug|Win32
		Release|Win32 = Release|Win32
	EndGlobalSection
	GlobalSection(ProjectConfigurationPlatforms) = postSolution
		{D5E1F32B-B6B2-4927-9D7A-74E17F3D75C5}.Debug|Win32.ActiveCfg = Debug|Win32
		{D5E1F32B-B6B2-4927-9D7A-74E17F3D75C5}.Debug|Win32.Build.0 = Debug|Win32
		{D5E1F32B-B6B2-4927-9D7A-74E17F3D75C5}.Release|Win32.ActiveCfg = Release|Win32
		{D5E1F32B-B6B2-4927-9D7A-74E17F3D75C5}.Release|Win32.Build.0 = Release|Win32
	EndGlobalSection
	GlobalSection(SolutionProperties) = preSolution
		HideSolutionNode = FALSE
	EndGlobalSection
EndGlobal
